
Microsoft Visual Studio Solution File, Format Version 12.00
# Visual Studio 15
VisualStudioVersion = 15.0.28010.2003
MinimumVisualStudioVersion = 10.0.40219.1
Project("{9A19103F-16F7-4668-BE54-9A1E7A4F7556}") = "ICanHazDadJokeConsole", "ICanHazDadJokeConsole\ICanHazDadJokeConsole.csproj", "{15142376-719E-4C31-A1FA-140B17BB2873}"
EndProject
Project("{FAE04EC0-301F-11D3-BF4B-00C04F79EFBC}") = "ICanHazDadJokeConsole.Test", "ICanHazDadJokeConsole.Test\ICanHazDadJokeConsole.Test.csproj", "{2B8B1B03-313A-47B1-890D-61A5EE8A855A}"
EndProject
Global
	GlobalSection(SolutionConfigurationPlatforms) = preSolution
		Debug|Any CPU = Debug|Any CPU
		Release|Any CPU = Release|Any CPU
	EndGlobalSection
	GlobalSection(ProjectConfigurationPlatforms) = postSolution
		{15142376-719E-4C31-A1FA-140B17BB2873}.Debug|Any CPU.ActiveCfg = Debug|Any CPU
		{15142376-719E-4C31-A1FA-140B17BB2873}.Debug|Any CPU.Build.0 = Debug|Any CPU
		{15142376-719E-4C31-A1FA-140B17BB2873}.Release|Any CPU.ActiveCfg = Release|Any CPU
		{15142376-719E-4C31-A1FA-140B17BB2873}.Release|Any CPU.Build.0 = Release|Any CPU
		{2B8B1B03-313A-47B1-890D-61A5EE8A855A}.Debug|Any CPU.ActiveCfg = Debug|Any CPU
		{2B8B1B03-313A-47B1-890D-61A5EE8A855A}.Debug|Any CPU.Build.0 = Debug|Any CPU
		{2B8B1B03-313A-47B1-890D-61A5EE8A855A}.Release|Any CPU.ActiveCfg = Release|Any CPU
		{2B8B1B03-313A-47B1-890D-61A5EE8A855A}.Release|Any CPU.Build.0 = Release|Any CPU
	EndGlobalSection
	GlobalSection(SolutionProperties) = preSolution
		HideSolutionNode = FALSE
	EndGlobalSection
	GlobalSection(ExtensibilityGlobals) = postSolution
		SolutionGuid = {79B608DC-761D-4650-9C1A-9A69AF97397A}
	EndGlobalSection
EndGlobal
